
Microsoft Visual Studio Solution File, Format Version 12.00
# Visual Studio Version 17
VisualStudioVersion = 17.8.34309.116
MinimumVisualStudioVersion = 10.0.40219.1
Project("{9A19103F-16F7-4668-BE54-9A1E7A4F7556}") = "EjemploAutomatizacionSeleniumIGCommentsBOT", "src\EjemploAutomatizacionSeleniumIGCommentsBOT.csproj", "{AC990557-44E5-44FA-A9FE-C89C8EE88C20}"
EndProject
Global
	GlobalSection(SolutionConfigurationPlatforms) = preSolution
		Debug|Any CPU = Debug|Any CPU
		Release|Any CPU = Release|Any CPU
	EndGlobalSection
	GlobalSection(ProjectConfigurationPlatforms) = postSolution
		{AC990557-44E5-44FA-A9FE-C89C8EE88C20}.Debug|Any CPU.ActiveCfg = Debug|Any CPU
		{AC990557-44E5-44FA-A9FE-C89C8EE88C20}.Debug|Any CPU.Build.0 = Debug|Any CPU
		{AC990557-44E5-44FA-A9FE-C89C8EE88C20}.Release|Any CPU.ActiveCfg = Release|Any CPU
		{AC990557-44E5-44FA-A9FE-C89C8EE88C20}.Release|Any CPU.Build.0 = Release|Any CPU
	EndGlobalSection
	GlobalSection(SolutionProperties) = preSolution
		HideSolutionNode = FALSE
	EndGlobalSection
	GlobalSection(ExtensibilityGlobals) = postSolution
		SolutionGuid = {F3FDB45A-0D21-4042-8538-BBE89A19F681}
	EndGlobalSection
EndGlobal
